
Microsoft Visual Studio Solution File, Format Version 12.00
# Visual Studio Version 17
VisualStudioVersion = 17.2.32616.157
MinimumVisualStudioVersion = 10.0.40219.1
Project("{9A19103F-16F7-4668-BE54-9A1E7A4F7556}") = "Oribot", "Oribot.csproj", "{0B3A6910-5F54-413F-AE18-D1F183990603}"
EndProject
Global
	GlobalSection(SolutionConfigurationPlatforms) = preSolution
		Debug|Any CPU = Debug|Any CPU
		Release|Any CPU = Release|Any CPU
	EndGlobalSection
	GlobalSection(ProjectConfigurationPlatforms) = postSolution
		{0B3A6910-5F54-413F-AE18-D1F183990603}.Debug|Any CPU.ActiveCfg = Debug|Any CPU
		{0B3A6910-5F54-413F-AE18-D1F183990603}.Debug|Any CPU.Build.0 = Debug|Any CPU
		{0B3A6910-5F54-413F-AE18-D1F183990603}.Release|Any CPU.ActiveCfg = Release|Any CPU
		{0B3A6910-5F54-413F-AE18-D1F183990603}.Release|Any CPU.Build.0 = Release|Any CPU
	EndGlobalSection
	GlobalSection(SolutionProperties) = preSolution
		HideSolutionNode = FALSE
	EndGlobalSection
	GlobalSection(ExtensibilityGlobals) = postSolution
		SolutionGuid = {17B8F825-5716-4433-A85B-EBB3500DFBE6}
	EndGlobalSection
EndGlobal
